
Microsoft Visual Studio Solution File, Format Version 12.00
# Visual Studio 15
VisualStudioVersion = 15.0.26124.0
MinimumVisualStudioVersion = 15.0.26124.0
Project("{FAE04EC0-301F-11D3-BF4B-00C04F79EFBC}") = "CryptHelper", "CryptHelper\CryptHelper.csproj", "{19F1BCB4-BE8A-4E50-BC42-D28EB24EC0ED}"
EndProject
Project("{FAE04EC0-301F-11D3-BF4B-00C04F79EFBC}") = "TestConsole", "TestConsole\TestConsole.csproj", "{490E0AD4-D610-401D-87D0-68C302E1B352}"
EndProject
Global
	GlobalSection(SolutionConfigurationPlatforms) = preSolution
		Debug|Any CPU = Debug|Any CPU
		Debug|x64 = Debug|x64
		Debug|x86 = Debug|x86
		Release|Any CPU = Release|Any CPU
		Release|x64 = Release|x64
		Release|x86 = Release|x86
	EndGlobalSection
	GlobalSection(SolutionProperties) = preSolution
		HideSolutionNode = FALSE
	EndGlobalSection
	GlobalSection(ProjectConfigurationPlatforms) = postSolution
		{19F1BCB4-BE8A-4E50-BC42-D28EB24EC0ED}.Debug|Any CPU.ActiveCfg = Debug|Any CPU
		{19F1BCB4-BE8A-4E50-BC42-D28EB24EC0ED}.Debug|Any CPU.Build.0 = Debug|Any CPU
		{19F1BCB4-BE8A-4E50-BC42-D28EB24EC0ED}.Debug|x64.ActiveCfg = Debug|Any CPU
		{19F1BCB4-BE8A-4E50-BC42-D28EB24EC0ED}.Debug|x64.Build.0 = Debug|Any CPU
		{19F1BCB4-BE8A-4E50-BC42-D28EB24EC0ED}.Debug|x86.ActiveCfg = Debug|Any CPU
		{19F1BCB4-BE8A-4E50-BC42-D28EB24EC0ED}.Debug|x86.Build.0 = Debug|Any CPU
		{19F1BCB4-BE8A-4E50-BC42-D28EB24EC0ED}.Release|Any CPU.ActiveCfg = Release|Any CPU
		{19F1BCB4-BE8A-4E50-BC42-D28EB24EC0ED}.Release|Any CPU.Build.0 = Release|Any CPU
		{19F1BCB4-BE8A-4E50-BC42-D28EB24EC0ED}.Release|x64.ActiveCfg = Release|Any CPU
		{19F1BCB4-BE8A-4E50-BC42-D28EB24EC0ED}.Release|x64.Build.0 = Release|Any CPU
		{19F1BCB4-BE8A-4E50-BC42-D28EB24EC0ED}.Release|x86.ActiveCfg = Release|Any CPU
		{19F1BCB4-BE8A-4E50-BC42-D28EB24EC0ED}.Release|x86.Build.0 = Release|Any CPU
		{490E0AD4-D610-401D-87D0-68C302E1B352}.Debug|Any CPU.ActiveCfg = Debug|Any CPU
		{490E0AD4-D610-401D-87D0-68C302E1B352}.Debug|Any CPU.Build.0 = Debug|Any CPU
		{490E0AD4-D610-401D-87D0-68C302E1B352}.Debug|x64.ActiveCfg = Debug|Any CPU
		{490E0AD4-D610-401D-87D0-68C302E1B352}.Debug|x64.Build.0 = Debug|Any CPU
		{490E0AD4-D610-401D-87D0-68C302E1B352}.Debug|x86.ActiveCfg = Debug|Any CPU
		{490E0AD4-D610-401D-87D0-68C302E1B352}.Debug|x86.Build.0 = Debug|Any CPU
		{490E0AD4-D610-401D-87D0-68C302E1B352}.Release|Any CPU.ActiveCfg = Release|Any CPU
		{490E0AD4-D610-401D-87D0-68C302E1B352}.Release|Any CPU.Build.0 = Release|Any CPU
		{490E0AD4-D610-401D-87D0-68C302E1B352}.Release|x64.ActiveCfg = Release|Any CPU
		{490E0AD4-D610-401D-87D0-68C302E1B352}.Release|x64.Build.0 = Release|Any CPU
		{490E0AD4-D610-401D-87D0-68C302E1B352}.Release|x86.ActiveCfg = Release|Any CPU
		{490E0AD4-D610-401D-87D0-68C302E1B352}.Release|x86.Build.0 = Release|Any CPU
	EndGlobalSection
EndGlobal
